// !$*UTF8*$!
{
	archiveVersion = 1;
	classes = {
	};
	objectVersion = 50;
	objects = {

/* Begin PBXBuildFile section */
		64CF9C8C23964F100063E9B6 /* AppDelegate.m in Sources */ = {isa = PBXBuildFile; fileRef = 64CF9C8B23964F100063E9B6 /* AppDelegate.m */; };
		64CF9C8F23964F100063E9B6 /* SceneDelegate.m in Sources */ = {isa = PBXBuildFile; fileRef = 64CF9C8E23964F100063E9B6 /* SceneDelegate.m */; };
		64CF9C9223964F100063E9B6 /* ViewController.m in Sources */ = {isa = PBXBuildFile; fileRef = 64CF9C9123964F100063E9B6 /* ViewController.m */; };
		64CF9C9523964F100063E9B6 /* Main.storyboard in Resources */ = {isa = PBXBuildFile; fileRef = 64CF9C9323964F100063E9B6 /* Main.storyboard */; };
		64CF9C9723964F110063E9B6 /* Assets.xcassets in Resources */ = {isa = PBXBuildFile; fileRef = 64CF9C9623964F110063E9B6 /* Assets.xcassets */; };
		64CF9C9A23964F110063E9B6 /* LaunchScreen.storyboard in Resources */ = {isa = PBXBuildFile; fileRef = 64CF9C9823964F110063E9B6 /* LaunchScreen.storyboard */; };
		64CF9C9D23964F110063E9B6 /* main.m in Sources */ = {isa = PBXBuildFile; fileRef = 64CF9C9C23964F110063E9B6 /* main.m */; };
		64CF9CAD239665BC0063E9B6 /* pubCppLib.framework in Frameworks */ = {isa = PBXBuildFile; fileRef = 64CF9CAC239665BC0063E9B6 /* pubCppLib.framework */; };
/* End PBXBuildFile section */

/* Begin PBXFileReference section */
		64CF9C8723964F100063E9B6 /* iosTestMain.app */ = {isa = PBXFileReference; explicitFileType = wrapper.application; includeInIndex = 0; path = iosTestMain.app; sourceTree = BUILT_PRODUCTS_DIR; };
		64CF9C8A23964F100063E9B6 /* AppDelegate.h */ = {isa = PBXFileReference; lastKnownFileType = sourcecode.c.h; path = AppDelegate.h; sourceTree = "<group>"; };
		64CF9C8B23964F100063E9B6 /* AppDelegate.m */ = {isa = PBXFileReference; lastKnownFileType = sourcecode.c.objc; path = AppDelegate.m; sourceTree = "<group>"; };
		64CF9C8D23964F100063E9B6 /* SceneDelegate.h */ = {isa = PBXFileReference; lastKnownFileType = sourcecode.c.h; path = SceneDelegate.h; sourceTree = "<group>"; };
		64CF9C8E23964F100063E9B6 /* SceneDelegate.m */ = {isa = PBXFileReference; lastKnownFileType = sourcecode.c.objc; path = SceneDelegate.m; sourceTree = "<group>"; };
		64CF9C9023964F100063E9B6 /* ViewController.h */ = {isa = PBXFileReference; lastKnownFileType = sourcecode.c.h; path = ViewController.h; sourceTree = "<group>"; };
		64CF9C9123964F100063E9B6 /* ViewController.m */ = {isa = PBXFileReference; lastKnownFileType = sourcecode.c.objc; path = ViewController.m; sourceTree = "<group>"; };
		64CF9C9423964F100063E9B6 /* Base */ = {isa = PBXFileReference; lastKnownFileType = file.storyboard; name = Base; path = Base.lproj/Main.storyboard; sourceTree = "<group>"; };
		64CF9C9623964F110063E9B6 /* Assets.xcassets */ = {isa = PBXFileReference; lastKnownFileType = folder.assetcatalog; path = Assets.xcassets; sourceTree = "<group>"; };
		64CF9C9923964F110063E9B6 /* Base */ = {isa = PBXFileReference; lastKnownFileType = file.storyboard; name = Base; path = Base.lproj/LaunchScreen.storyboard; sourceTree = "<group>"; };
		64CF9C9B23964F110063E9B6 /* Info.plist */ = {isa = PBXFileReference; lastKnownFileType = text.plist.xml; path = Info.plist; sourceTree = "<group>"; };
		64CF9C9C23964F110063E9B6 /* main.m */ = {isa = PBXFileReference; lastKnownFileType = sourcecode.c.objc; path = main.m; sourceTree = "<group>"; };
		64CF9CA8239663630063E9B6 /* pubCppLib.framework */ = {isa = PBXFileReference; explicitFileType = wrapper.framework; path = pubCppLib.framework; sourceTree = BUILT_PRODUCTS_DIR; };
		64CF9CAC239665BC0063E9B6 /* pubCppLib.framework */ = {isa = PBXFileReference; explicitFileType = wrapper.framework; path = pubCppLib.framework; sourceTree = BUILT_PRODUCTS_DIR; };
/* End PBXFileReference section */

/* Begin PBXFrameworksBuildPhase section */
		64CF9C8423964F100063E9B6 /* Frameworks */ = {
			isa = PBXFrameworksBuildPhase;
			buildActionMask = 2147483647;
			files = (
				64CF9CAD239665BC0063E9B6 /* pubCppLib.framework in Frameworks */,
			);
			runOnlyForDeploymentPostprocessing = 0;
		};
/* End PBXFrameworksBuildPhase section */

/* Begin PBXGroup section */
		64CF9C7E23964F100063E9B6 = {
			isa = PBXGroup;
			children = (
				64CF9C8923964F100063E9B6 /* iosTestMain */,
				64CF9C8823964F100063E9B6 /* Products */,
				64CF9CA32396517D0063E9B6 /* Frameworks */,
			);
			sourceTree = "<group>";
		};
		64CF9C8823964F100063E9B6 /* Products */ = {
			isa = PBXGroup;
			children = (
				64CF9C8723964F100063E9B6 /* iosTestMain.app */,
			);
			name = Products;
			sourceTree = "<group>";
		};
		64CF9C8923964F100063E9B6 /* iosTestMain */ = {
			isa = PBXGroup;
			children = (
				64CF9C8A23964F100063E9B6 /* AppDelegate.h */,
				64CF9C8B23964F100063E9B6 /* AppDelegate.m */,
				64CF9C8D23964F100063E9B6 /* SceneDelegate.h */,
				64CF9C8E23964F100063E9B6 /* SceneDelegate.m */,
				64CF9C9023964F100063E9B6 /* ViewController.h */,
				64CF9C9123964F100063E9B6 /* ViewController.m */,
				64CF9C9323964F100063E9B6 /* Main.storyboard */,
				64CF9C9623964F110063E9B6 /* Assets.xcassets */,
				64CF9C9823964F110063E9B6 /* LaunchScreen.storyboard */,
				64CF9C9B23964F110063E9B6 /* Info.plist */,
				64CF9C9C23964F110063E9B6 /* main.m */,
			);
			path = iosTestMain;
			sourceTree = "<group>";
		};
		64CF9CA32396517D0063E9B6 /* Frameworks */ = {
			isa = PBXGroup;
			children = (
				64CF9CAC239665BC0063E9B6 /* pubCppLib.framework */,
				64CF9CA8239663630063E9B6 /* pubCppLib.framework */,
			);
			name = Frameworks;
			sourceTree = "<group>";
		};
/* End PBXGroup section */

/* Begin PBXNativeTarget section */
		64CF9C8623964F100063E9B6 /* iosTestMain */ = {
			isa = PBXNativeTarget;
			buildConfigurationList = 64CF9CA023964F110063E9B6 /* Build configuration list for PBXNativeTarget "iosTestMain" */;
			buildPhases = (
				64CF9C8323964F100063E9B6 /* Sources */,
				64CF9C8423964F100063E9B6 /* Frameworks */,
				64CF9C8523964F100063E9B6 /* Resources */,
			);
			buildRules = (
			);
			dependencies = (
			);
			name = iosTestMain;
			productName = iosTestMain;
			productReference = 64CF9C8723964F100063E9B6 /* iosTestMain.app */;
			productType = "com.apple.product-type.application";
		};
/* End PBXNativeTarget section */

/* Begin PBXProject section */
		64CF9C7F23964F100063E9B6 /* Project object */ = {
			isa = PBXProject;
			attributes = {
				LastUpgradeCheck = 1100;
				ORGANIZATIONNAME = "djij-solution";
				TargetAttributes = {
					64CF9C8623964F100063E9B6 = {
						CreatedOnToolsVersion = 11.0;
					};
				};
			};
			buildConfigurationList = 64CF9C8223964F100063E9B6 /* Build configuration list for PBXProject "iosTestMain" */;
			compatibilityVersion = "Xcode 9.3";
			developmentRegion = en;
			hasScannedForEncodings = 0;
			knownRegions = (
				en,
				Base,
			);
			mainGroup = 64CF9C7E23964F100063E9B6;
			productRefGroup = 64CF9C8823964F100063E9B6 /* Products */;
			projectDirPath = "";
			projectRoot = "";
			targets = (
				64CF9C8623964F100063E9B6 /* iosTestMain */,
			);
		};
/* End PBXProject section */

/* Begin PBXResourcesBuildPhase section */
		64CF9C8523964F100063E9B6 /* Resources */ = {
			isa = PBXResourcesBuildPhase;
			buildActionMask = 2147483647;
			files = (
				64CF9C9A23964F110063E9B6 /* LaunchScreen.storyboard in Resources */,
				64CF9C9723964F110063E9B6 /* Assets.xcassets in Resources */,
				64CF9C9523964F100063E9B6 /* Main.storyboard in Resources */,
			);
			runOnlyForDeploymentPostprocessing = 0;
		};
/* End PBXResourcesBuildPhase section */

/* Begin PBXSourcesBuildPhase section */
		64CF9C8323964F100063E9B6 /* Sources */ = {
			isa = PBXSourcesBuildPhase;
			buildActionMask = 2147483647;
			files = (
				64CF9C9223964F100063E9B6 /* ViewController.m in Sources */,
				64CF9C8C23964F100063E9B6 /* AppDelegate.m in Sources */,
				64CF9C9D23964F110063E9B6 /* main.m in Sources */,
				64CF9C8F23964F100063E9B6 /* SceneDelegate.m in Sources */,
			);
			runOnlyForDeploymentPostprocessing = 0;
		};
/* End PBXSourcesBuildPhase section */

/* Begin PBXVariantGroup section */
		64CF9C9323964F100063E9B6 /* Main.storyboard */ = {
			isa = PBXVariantGroup;
			children = (
				64CF9C9423964F100063E9B6 /* Base */,
			);
			name = Main.storyboard;
			sourceTree = "<group>";
		};
		64CF9C9823964F110063E9B6 /* LaunchScreen.storyboard */ = {
			isa = PBXVariantGroup;
			children = (
				64CF9C9923964F110063E9B6 /* Base */,
			);
			name = LaunchScreen.storyboard;
			sourceTree = "<group>";
		};
/* End PBXVariantGroup section */

/* Begin XCBuildConfiguration section */
		64CF9C9E23964F110063E9B6 /* Debug */ = {
			isa = XCBuildConfiguration;
			buildSettings = {
				ALWAYS_SEARCH_USER_PATHS = NO;
				CLANG_ANALYZER_NONNULL = YES;
				CLANG_ANALYZER_NUMBER_OBJECT_CONVERSION = YES_AGGRESSIVE;
				CLANG_CXX_LANGUAGE_STANDARD = "gnu++14";
				CLANG_CXX_LIBRARY = "libc++";
				CLANG_ENABLE_MODULES = YES;
				CLANG_ENABLE_OBJC_ARC = YES;
				CLANG_ENABLE_OBJC_WEAK = YES;
				CLANG_WARN_BLOCK_CAPTURE_AUTORELEASING = YES;
				CLANG_WARN_BOOL_CONVERSION = YES;
				CLANG_WARN_COMMA = YES;
				CLANG_WARN_CONSTANT_CONVERSION = YES;
				CLANG_WARN_DEPRECATED_OBJC_IMPLEMENTATIONS = YES;
				CLANG_WARN_DIRECT_OBJC_ISA_USAGE = YES_ERROR;
				CLANG_WARN_DOCUMENTATION_COMMENTS = YES;
				CLANG_WARN_EMPTY_BODY = YES;
				CLANG_WARN_ENUM_CONVERSION = YES;
				CLANG_WARN_INFINITE_RECURSION = YES;
				CLANG_WARN_INT_CONVERSION = YES;
				CLANG_WARN_NON_LITERAL_NULL_CONVERSION = YES;
				CLANG_WARN_OBJC_IMPLICIT_RETAIN_SELF = YES;
				CLANG_WARN_OBJC_LITERAL_CONVERSION = YES;
				CLANG_WARN_OBJC_ROOT_CLASS = YES_ERROR;
				CLANG_WARN_RANGE_LOOP_ANALYSIS = YES;
				CLANG_WARN_STRICT_PROTOTYPES = YES;
				CLANG_WARN_SUSPICIOUS_MOVE = YES;
				CLANG_WARN_UNGUARDED_AVAILABILITY = YES_AGGRESSIVE;
				CLANG_WARN_UNREACHABLE_CODE = YES;
				CLANG_WARN__DUPLICATE_METHOD_MATCH = YES;
				COPY_PHASE_STRIP = NO;
				DEBUG_INFORMATION_FORMAT = dwarf;
				ENABLE_STRICT_OBJC_MSGSEND = YES;
				ENABLE_TESTABILITY = YES;
				GCC_C_LANGUAGE_STANDARD = gnu11;
				GCC_DYNAMIC_NO_PIC = NO;
				GCC_NO_COMMON_BLOCKS = YES;
				GCC_OPTIMIZATION_LEVEL = 0;
				GCC_PREPROCESSOR_DEFINITIONS = (
					"DEBUG=1",
					"$(inherited)",
				);
				GCC_WARN_64_TO_32_BIT_CONVERSION = YES;
				GCC_WARN_ABOUT_RETURN_TYPE = YES_ERROR;
				GCC_WARN_UNDECLARED_SELECTOR = YES;
				GCC_WARN_UNINITIALIZED_AUTOS = YES_AGGRESSIVE;
				GCC_WARN_UNUSED_FUNCTION = YES;
				GCC_WARN_UNUSED_VARIABLE = YES;
				IPHONEOS_DEPLOYMENT_TARGET = 13.0;
				MTL_ENABLE_DEBUG_INFO = INCLUDE_SOURCE;
				MTL_FAST_MATH = YES;
				ONLY_ACTIVE_ARCH = YES;
				SDKROOT = iphoneos;
				SYMROOT = DerivedData;
			};
			name = Debug;
		};
		64CF9C9F23964F110063E9B6 /* Release */ = {
			isa = XCBuildConfiguration;
			buildSettings = {
				ALWAYS_SEARCH_USER_PATHS = NO;
				CLANG_ANALYZER_NONNULL = YES;
				CLANG_ANALYZER_NUMBER_OBJECT_CONVERSION = YES_AGGRESSIVE;
				CLANG_CXX_LANGUAGE_STANDARD = "gnu++14";
				CLANG_CXX_LIBRARY = "libc++";
				CLANG_ENABLE_MODULES = YES;
				CLANG_ENABLE_OBJC_ARC = YES;
				CLANG_ENABLE_OBJC_WEAK = YES;
				CLANG_WARN_BLOCK_CAPTURE_AUTORELEASING = YES;
				CLANG_WARN_BOOL_CONVERSION = YES;
				CLANG_WARN_COMMA = YES;
				CLANG_WARN_CONSTANT_CONVERSION = YES;
				CLANG_WARN_DEPRECATED_OBJC_IMPLEMENTATIONS = YES;
				CLANG_WARN_DIRECT_OBJC_ISA_USAGE = YES_ERROR;
				CLANG_WARN_DOCUMENTATION_COMMENTS = YES;
				CLANG_WARN_EMPTY_BODY = YES;
				CLANG_WARN_ENUM_CONVERSION = YES;
				CLANG_WARN_INFINITE_RECURSION = YES;
				CLANG_WARN_INT_CONVERSION = YES;
				CLANG_WARN_NON_LITERAL_NULL_CONVERSION = YES;
				CLANG_WARN_OBJC_IMPLICIT_RETAIN_SELF = YES;
				CLANG_WARN_OBJC_LITERAL_CONVERSION = YES;
				CLANG_WARN_OBJC_ROOT_CLASS = YES_ERROR;
				CLANG_WARN_RANGE_LOOP_ANALYSIS = YES;
				CLANG_WARN_STRICT_PROTOTYPES = YES;
				CLANG_WARN_SUSPICIOUS_MOVE = YES;
				CLANG_WARN_UNGUARDED_AVAILABILITY = YES_AGGRESSIVE;
				CLANG_WARN_UNREACHABLE_CODE = YES;
				CLANG_WARN__DUPLICATE_METHOD_MATCH = YES;
				COPY_PHASE_STRIP = NO;
				DEBUG_INFORMATION_FORMAT = "dwarf-with-dsym";
				ENABLE_NS_ASSERTIONS = NO;
				ENABLE_STRICT_OBJC_MSGSEND = YES;
				GCC_C_LANGUAGE_STANDARD = gnu11;
				GCC_NO_COMMON_BLOCKS = YES;
				GCC_WARN_64_TO_32_BIT_CONVERSION = YES;
				GCC_WARN_ABOUT_RETURN_TYPE = YES_ERROR;
				GCC_WARN_UNDECLARED_SELECTOR = YES;
				GCC_WARN_UNINITIALIZED_AUTOS = YES_AGGRESSIVE;
				GCC_WARN_UNUSED_FUNCTION = YES;
				GCC_WARN_UNUSED_VARIABLE = YES;
				IPHONEOS_DEPLOYMENT_TARGET = 13.0;
				MTL_ENABLE_DEBUG_INFO = NO;
				MTL_FAST_MATH = YES;
				SDKROOT = iphoneos;
				SYMROOT = DerivedData;
				VALIDATE_PRODUCT = YES;
			};
			name = Release;
		};
		64CF9CA123964F110063E9B6 /* Debug */ = {
			isa = XCBuildConfiguration;
			buildSettings = {
				ASSETCATALOG_COMPILER_APPICON_NAME = AppIcon;
				CODE_SIGN_STYLE = Automatic;
				DEVELOPMENT_TEAM = VD8W8G8BLT;
				FRAMEWORK_SEARCH_PATHS = "";
				"FRAMEWORK_SEARCH_PATHS[sdk=iphoneos*]" = "\"$(SRCROOT)/../../build/ios/Debug-iphoneos\"";
				"FRAMEWORK_SEARCH_PATHS[sdk=iphonesimulator*]" = "\"$(SRCROOT)/../../build/ios/Debug-iphonesimulator\"";
				INFOPLIST_FILE = iosTestMain/Info.plist;
				LD_RUNPATH_SEARCH_PATHS = (
					"$(inherited)",
					"@executable_path/Frameworks",
				);
				PRODUCT_BUNDLE_IDENTIFIER = com.dji.gspro.iosTestMain;
				PRODUCT_NAME = "$(TARGET_NAME)";
				TARGETED_DEVICE_FAMILY = "1,2";
			};
			name = Debug;
		};
		64CF9CA223964F110063E9B6 /* Release */ = {
			isa = XCBuildConfiguration;
			buildSettings = {
				ASSETCATALOG_COMPILER_APPICON_NAME = AppIcon;
				CODE_SIGN_STYLE = Automatic;
				DEVELOPMENT_TEAM = VD8W8G8BLT;
				FRAMEWORK_SEARCH_PATHS = "";
				"FRAMEWORK_SEARCH_PATHS[sdk=iphoneos*]" = "\"$(SRCROOT)/../../build/ios/Release-iphoneos\"";
				"FRAMEWORK_SEARCH_PATHS[sdk=iphonesimulator*]" = "\"$(SRCROOT)/../../build/ios/Release-iphonesimulator\"";
				INFOPLIST_FILE = iosTestMain/Info.plist;
				LD_RUNPATH_SEARCH_PATHS = (
					"$(inherited)",
					"@executable_path/Frameworks",
				);
				PRODUCT_BUNDLE_IDENTIFIER = com.dji.gspro.iosTestMain;
				PRODUCT_NAME = "$(TARGET_NAME)";
				TARGETED_DEVICE_FAMILY = "1,2";
			};
			name = Release;
		};
/* End XCBuildConfiguration section */

/* Begin XCConfigurationList section */
		64CF9C8223964F100063E9B6 /* Build configuration list for PBXProject "iosTestMain" */ = {
			isa = XCConfigurationList;
			buildConfigurations = (
				64CF9C9E23964F110063E9B6 /* Debug */,
				64CF9C9F23964F110063E9B6 /* Release */,
			);
			defaultConfigurationIsVisible = 0;
			defaultConfigurationName = Release;
		};
		64CF9CA023964F110063E9B6 /* Build configuration list for PBXNativeTarget "iosTestMain" */ = {
			isa = XCConfigurationList;
			buildConfigurations = (
				64CF9CA123964F110063E9B6 /* Debug */,
				64CF9CA223964F110063E9B6 /* Release */,
			);
			defaultConfigurationIsVisible = 0;
			defaultConfigurationName = Release;
		};
/* End XCConfigurationList section */
	};
	rootObject = 64CF9C7F23964F100063E9B6 /* Project object */;
}
